
Microsoft Visual Studio Solution File, Format Version 12.00
# Visual Studio Version 17
VisualStudioVersion = 17.1.32328.378
MinimumVisualStudioVersion = 10.0.40219.1
Project("{FAE04EC0-301F-11D3-BF4B-00C04F79EFBC}") = "TT.Models", "src\Models\TT.Models\TT.Models.csproj", "{52473BC9-BE93-4910-8EAA-A199B90A4C34}"
EndProject
Project("{FAE04EC0-301F-11D3-BF4B-00C04F79EFBC}") = "TT.Dealer", "src\Services\TT.Dealer\TT.Dealer.csproj", "{FDA7487C-EE09-4F39-B471-EFB910CB95F6}"
EndProject
Project("{9A19103F-16F7-4668-BE54-9A1E7A4F7556}") = "TT.Utils", "src\Shared\TT.Utils\TT.Utils.csproj", "{37D2F29F-7A7B-493F-9CA2-2D7016597FFE}"
EndProject
Project("{FAE04EC0-301F-11D3-BF4B-00C04F79EFBC}") = "TT.Reader", "src\Services\TT.Reader\TT.Reader.csproj", "{4E572096-B233-47D5-8398-48F99DC5E84F}"
EndProject
Project("{FAE04EC0-301F-11D3-BF4B-00C04F79EFBC}") = "TT.ConsoleApp", "src\Services\TT.ConsoleApp\TT.ConsoleApp.csproj", "{50133377-B09D-4F96-ACE9-4B6C527C1FA2}"
EndProject
Global
	GlobalSection(SolutionConfigurationPlatforms) = preSolution
		Debug|Any CPU = Debug|Any CPU
		Release|Any CPU = Release|Any CPU
	EndGlobalSection
	GlobalSection(ProjectConfigurationPlatforms) = postSolution
		{52473BC9-BE93-4910-8EAA-A199B90A4C34}.Debug|Any CPU.ActiveCfg = Debug|Any CPU
		{52473BC9-BE93-4910-8EAA-A199B90A4C34}.Debug|Any CPU.Build.0 = Debug|Any CPU
		{52473BC9-BE93-4910-8EAA-A199B90A4C34}.Release|Any CPU.ActiveCfg = Release|Any CPU
		{52473BC9-BE93-4910-8EAA-A199B90A4C34}.Release|Any CPU.Build.0 = Release|Any CPU
		{FDA7487C-EE09-4F39-B471-EFB910CB95F6}.Debug|Any CPU.ActiveCfg = Debug|Any CPU
		{FDA7487C-EE09-4F39-B471-EFB910CB95F6}.Debug|Any CPU.Build.0 = Debug|Any CPU
		{FDA7487C-EE09-4F39-B471-EFB910CB95F6}.Release|Any CPU.ActiveCfg = Release|Any CPU
		{FDA7487C-EE09-4F39-B471-EFB910CB95F6}.Release|Any CPU.Build.0 = Release|Any CPU
		{37D2F29F-7A7B-493F-9CA2-2D7016597FFE}.Debug|Any CPU.ActiveCfg = Debug|Any CPU
		{37D2F29F-7A7B-493F-9CA2-2D7016597FFE}.Debug|Any CPU.Build.0 = Debug|Any CPU
		{37D2F29F-7A7B-493F-9CA2-2D7016597FFE}.Release|Any CPU.ActiveCfg = Release|Any CPU
		{37D2F29F-7A7B-493F-9CA2-2D7016597FFE}.Release|Any CPU.Build.0 = Release|Any CPU
		{4E572096-B233-47D5-8398-48F99DC5E84F}.Debug|Any CPU.ActiveCfg = Debug|Any CPU
		{4E572096-B233-47D5-8398-48F99DC5E84F}.Debug|Any CPU.Build.0 = Debug|Any CPU
		{4E572096-B233-47D5-8398-48F99DC5E84F}.Release|Any CPU.ActiveCfg = Release|Any CPU
		{4E572096-B233-47D5-8398-48F99DC5E84F}.Release|Any CPU.Build.0 = Release|Any CPU
		{50133377-B09D-4F96-ACE9-4B6C527C1FA2}.Debug|Any CPU.ActiveCfg = Debug|Any CPU
		{50133377-B09D-4F96-ACE9-4B6C527C1FA2}.Debug|Any CPU.Build.0 = Debug|Any CPU
		{50133377-B09D-4F96-ACE9-4B6C527C1FA2}.Release|Any CPU.ActiveCfg = Release|Any CPU
		{50133377-B09D-4F96-ACE9-4B6C527C1FA2}.Release|Any CPU.Build.0 = Release|Any CPU
	EndGlobalSection
	GlobalSection(SolutionProperties) = preSolution
		HideSolutionNode = FALSE
	EndGlobalSection
	GlobalSection(ExtensibilityGlobals) = postSolution
		SolutionGuid = {86DC2C53-4275-49CD-B0A6-615DC253A425}
	EndGlobalSection
EndGlobal
